
Microsoft Visual Studio Solution File, Format Version 12.00
# Visual Studio Version 17
VisualStudioVersion = 17.0.31903.59
MinimumVisualStudioVersion = 10.0.40219.1
Project("{9A19103F-16F7-4668-BE54-9A1E7A4F7556}") = "EGG9000.Bot", "EGG9000.Bot\EGG9000.Bot.csproj", "{76A9F853-4FDF-4D2F-80F4-923D4871F7B1}"
EndProject
Project("{9A19103F-16F7-4668-BE54-9A1E7A4F7556}") = "EGG9000.Site", "EGG9000.Site\EGG9000.Site.csproj", "{E07A294A-6B62-4E21-864A-EA78B3AC8CD5}"
EndProject
Project("{9A19103F-16F7-4668-BE54-9A1E7A4F7556}") = "EGG9000.Common", "EGG9000.Common\EGG9000.Common.csproj", "{C1984A6C-8660-424F-8A22-0262B9DDAF70}"
EndProject
Project("{9A19103F-16F7-4668-BE54-9A1E7A4F7556}") = "EGG9000.APILinkSite", "EGG9000.APILinkSite\EGG9000.APILinkSite.csproj", "{D45C06F3-515E-4DAF-80AD-7817BCA3E460}"
EndProject
Project("{9A19103F-16F7-4668-BE54-9A1E7A4F7556}") = "TestProxy", "TestProxy\TestProxy.csproj", "{4EEE22ED-EC4C-4759-A28D-DAD58EE4834A}"
EndProject
Project("{2150E333-8FDC-42A3-9474-1A3956D46DE8}") = "Solution Items", "Solution Items", "{B01298DD-2A61-469A-BE83-1A5F7C6BC57D}"
	ProjectSection(SolutionItems) = preProject
		.editorconfig = .editorconfig
		.editorconfig.inferred = .editorconfig.inferred
	EndProjectSection
EndProject
Project("{FAE04EC0-301F-11D3-BF4B-00C04F79EFBC}") = "EGG9000.Common.Test", "EGG9000.Common.Test\EGG9000.Common.Test.csproj", "{2050A667-DF5D-4971-B07C-774BF1E478C9}"
EndProject
Global
	GlobalSection(SolutionConfigurationPlatforms) = preSolution
		Debug|Any CPU = Debug|Any CPU
		Release|Any CPU = Release|Any CPU
	EndGlobalSection
	GlobalSection(ProjectConfigurationPlatforms) = postSolution
		{76A9F853-4FDF-4D2F-80F4-923D4871F7B1}.Debug|Any CPU.ActiveCfg = Debug|Any CPU
		{76A9F853-4FDF-4D2F-80F4-923D4871F7B1}.Debug|Any CPU.Build.0 = Debug|Any CPU
		{76A9F853-4FDF-4D2F-80F4-923D4871F7B1}.Release|Any CPU.ActiveCfg = Release|Any CPU
		{76A9F853-4FDF-4D2F-80F4-923D4871F7B1}.Release|Any CPU.Build.0 = Release|Any CPU
		{E07A294A-6B62-4E21-864A-EA78B3AC8CD5}.Debug|Any CPU.ActiveCfg = Debug|Any CPU
		{E07A294A-6B62-4E21-864A-EA78B3AC8CD5}.Debug|Any CPU.Build.0 = Debug|Any CPU
		{E07A294A-6B62-4E21-864A-EA78B3AC8CD5}.Release|Any CPU.ActiveCfg = Release|Any CPU
		{E07A294A-6B62-4E21-864A-EA78B3AC8CD5}.Release|Any CPU.Build.0 = Release|Any CPU
		{C1984A6C-8660-424F-8A22-0262B9DDAF70}.Debug|Any CPU.ActiveCfg = Debug|Any CPU
		{C1984A6C-8660-424F-8A22-0262B9DDAF70}.Debug|Any CPU.Build.0 = Debug|Any CPU
		{C1984A6C-8660-424F-8A22-0262B9DDAF70}.Release|Any CPU.ActiveCfg = Release|Any CPU
		{C1984A6C-8660-424F-8A22-0262B9DDAF70}.Release|Any CPU.Build.0 = Release|Any CPU
		{D45C06F3-515E-4DAF-80AD-7817BCA3E460}.Debug|Any CPU.ActiveCfg = Debug|Any CPU
		{D45C06F3-515E-4DAF-80AD-7817BCA3E460}.Debug|Any CPU.Build.0 = Debug|Any CPU
		{D45C06F3-515E-4DAF-80AD-7817BCA3E460}.Release|Any CPU.ActiveCfg = Release|Any CPU
		{D45C06F3-515E-4DAF-80AD-7817BCA3E460}.Release|Any CPU.Build.0 = Release|Any CPU
		{4EEE22ED-EC4C-4759-A28D-DAD58EE4834A}.Debug|Any CPU.ActiveCfg = Debug|Any CPU
		{4EEE22ED-EC4C-4759-A28D-DAD58EE4834A}.Debug|Any CPU.Build.0 = Debug|Any CPU
		{4EEE22ED-EC4C-4759-A28D-DAD58EE4834A}.Release|Any CPU.ActiveCfg = Release|Any CPU
		{4EEE22ED-EC4C-4759-A28D-DAD58EE4834A}.Release|Any CPU.Build.0 = Release|Any CPU
		{2050A667-DF5D-4971-B07C-774BF1E478C9}.Debug|Any CPU.ActiveCfg = Debug|Any CPU
		{2050A667-DF5D-4971-B07C-774BF1E478C9}.Debug|Any CPU.Build.0 = Debug|Any CPU
		{2050A667-DF5D-4971-B07C-774BF1E478C9}.Release|Any CPU.ActiveCfg = Release|Any CPU
		{2050A667-DF5D-4971-B07C-774BF1E478C9}.Release|Any CPU.Build.0 = Release|Any CPU
	EndGlobalSection
	GlobalSection(SolutionProperties) = preSolution
		HideSolutionNode = FALSE
	EndGlobalSection
	GlobalSection(ExtensibilityGlobals) = postSolution
		SolutionGuid = {6982548E-09CC-4390-A3D5-377C40492913}
	EndGlobalSection
EndGlobal
